{
  "name": "rind-frontend-cli",
  "lockfileVersion": 3,
  "requires": true,
  "packages": {
    "": {
      "name": "rind-frontend-cli",
      "bin": {
        "rind": "bin/rind.js"
      },
      "devDependencies": {
        "@xterm/headless": "^6.0.0"
      },
      "engines": {
        "node": ">=18"
      }
    },
    "node_modules/@xterm/headless": {
      "version": "6.0.0",
      "resolved": "https://registry.npmjs.org/@xterm/headless/-/headless-6.0.0.tgz",
      "integrity": "sha512-5Yj1QINYCyzrZtf8OFIHi47iQtI+0qYFPHmouEfG8dHNxbZ9Tb9YGSuLcsEwj9Z+OL75GJqPyJbyoFer80a2Hw==",
      "dev": true,
      "license": "MIT",
      "workspaces": [
        "addons/*"
      ]
    }
  }
}
